
Microsoft Visual Studio Solution File, Format Version 12.00
# Visual Studio Version 17
VisualStudioVersion = 17.13.35931.197 d17.13
MinimumVisualStudioVersion = 10.0.40219.1
Project("{FAE04EC0-301F-11D3-BF4B-00C04F79EFBC}") = "DataIntegration", "DataIntegration\DataIntegration.csproj", "{CDA90BED-2EF5-46DF-B930-6B71168EAE9F}"
EndProject
Global
	GlobalSection(SolutionConfigurationPlatforms) = preSolution
		Debug|Any CPU = Debug|Any CPU
		Release|Any CPU = Release|Any CPU
	EndGlobalSection
	GlobalSection(ProjectConfigurationPlatforms) = postSolution
		{CDA90BED-2EF5-46DF-B930-6B71168EAE9F}.Debug|Any CPU.ActiveCfg = Debug|Any CPU
		{CDA90BED-2EF5-46DF-B930-6B71168EAE9F}.Debug|Any CPU.Build.0 = Debug|Any CPU
		{CDA90BED-2EF5-46DF-B930-6B71168EAE9F}.Release|Any CPU.ActiveCfg = Release|Any CPU
		{CDA90BED-2EF5-46DF-B930-6B71168EAE9F}.Release|Any CPU.Build.0 = Release|Any CPU
	EndGlobalSection
	GlobalSection(SolutionProperties) = preSolution
		HideSolutionNode = FALSE
	EndGlobalSection
	GlobalSection(ExtensibilityGlobals) = postSolution
		SolutionGuid = {B2965F77-6004-45AB-8859-AFD7AB2AE33B}
	EndGlobalSection
EndGlobal
